# THIS IS AN AUTOGENERATED FILE. DO NOT EDIT THIS FILE DIRECTLY.
# yarn lockfile v1


"@uirouter/angularjs@^1.0.15":
  version "1.0.15"
  resolved "https://registry.yarnpkg.com/@uirouter/angularjs/-/angularjs-1.0.15.tgz#06d7a350576301f8897f5132b37e69756872139e"
  dependencies:
    "@uirouter/core" "5.0.17"

"@uirouter/core@5.0.17":
  version "5.0.17"
  resolved "https://registry.yarnpkg.com/@uirouter/core/-/core-5.0.17.tgz#c85d422b1e9a45df885be8b84f9b7f53233a7973"

"@uirouter/core@5.0.3":
  version "5.0.3"
  resolved "https://registry.yarnpkg.com/@uirouter/core/-/core-5.0.3.tgz#e2b5b1e45190e20c67ba4e15c013de5d4e0ccab3"

angular-materialize@^0.2.2:
  version "0.2.2"
  resolved "https://registry.yarnpkg.com/angular-materialize/-/angular-materialize-0.2.2.tgz#13304ce00e983e02d24cac4d835e1f4b9cb10cd3"
  dependencies:
    node-materialize "https://github.com/ryepdx/node-materialize/tarball/master"

angular-ui-router@^1.0.3:
  version "1.0.3"
  resolved "https://registry.yarnpkg.com/angular-ui-router/-/angular-ui-router-1.0.3.tgz#bf2494caae95c37cf01af3761d89747cfed2db45"
  dependencies:
    "@uirouter/core" "5.0.3"

angular@latest:
  version "1.6.9"
  resolved "https://registry.yarnpkg.com/angular/-/angular-1.6.9.tgz#bc812932e18909038412d594a5990f4bb66c0619"

animate.css@latest:
  version "3.6.1"
  resolved "https://registry.yarnpkg.com/animate.css/-/animate.css-3.6.1.tgz#4ea8a48556378bc8d7535224296c4c0dac9229de"

fontawesome@latest:
  version "4.7.2"
  resolved "https://registry.yarnpkg.com/fontawesome/-/fontawesome-4.7.2.tgz#7f0c72ac7a6b029d3375bacb23522d9acfc50a52"

hammerjs@^2.0.4, hammerjs@^2.0.8:
  version "2.0.8"
  resolved "https://registry.yarnpkg.com/hammerjs/-/hammerjs-2.0.8.tgz#04ef77862cff2bb79d30f7692095930222bf60f1"

jquery@>=1.7, "jquery@^3.0.0 || ^2.1.4":
  version "3.3.1"
  resolved "https://registry.yarnpkg.com/jquery/-/jquery-3.3.1.tgz#958ce29e81c9790f31be7792df5d4d95fc57fbca"

jquery@^2.1.4, jquery@^2.2.4:
  version "2.2.4"
  resolved "https://registry.yarnpkg.com/jquery/-/jquery-2.2.4.tgz#2c89d6889b5eac522a7eea32c14521559c6cbf02"

materialize-css@latest:
  version "0.100.2"
  resolved "https://registry.yarnpkg.com/materialize-css/-/materialize-css-0.100.2.tgz#9ca32b24904c9a04491fc7d0a2e9402e7b1dae07"
  dependencies:
    hammerjs "^2.0.8"
    jquery "^3.0.0 || ^2.1.4"

"node-materialize@https://github.com/ryepdx/node-materialize/tarball/master":
  version "1.1.1"
  resolved "https://github.com/ryepdx/node-materialize/tarball/master#181c718e28c10ddf65ca21dcda93bea01e4daba7"
  dependencies:
    hammerjs "^2.0.4"
    jquery "^2.1.4"
    pickadate "^3.5.6"

pickadate@^3.5.6:
  version "3.5.6"
  resolved "https://registry.yarnpkg.com/pickadate/-/pickadate-3.5.6.tgz#c998302343b79a19954fc49c45cc708347602806"
  dependencies:
    jquery ">=1.7"
