# THIS IS AN AUTOGENERATED FILE. DO NOT EDIT THIS FILE DIRECTLY.
# yarn lockfile v1


"@uirouter/core@5.0.3":
  version "5.0.3"
  resolved "https://registry.yarnpkg.com/@uirouter/core/-/core-5.0.3.tgz#e2b5b1e45190e20c67ba4e15c013de5d4e0ccab3"

angular-csv-import@^0.0.27:
  version "0.0.27"
  resolved "https://registry.yarnpkg.com/angular-csv-import/-/angular-csv-import-0.0.27.tgz#f4b4b50eb600eeb1317983e98b1da1bfa85359ee"
  dependencies:
    grunt-bump "0.0.14"

angular-materialize@^0.2.2:
  version "0.2.2"
  resolved "https://registry.yarnpkg.com/angular-materialize/-/angular-materialize-0.2.2.tgz#13304ce00e983e02d24cac4d835e1f4b9cb10cd3"
  dependencies:
    node-materialize "https://github.com/ryepdx/node-materialize/tarball/master"

angular-resource@^1.6.9:
  version "1.6.9"
  resolved "https://registry.yarnpkg.com/angular-resource/-/angular-resource-1.6.9.tgz#d02334b7cb96353e245966ad044c0c673df7b685"

angular-ui-router@^1.0.3:
  version "1.0.3"
  resolved "https://registry.yarnpkg.com/angular-ui-router/-/angular-ui-router-1.0.3.tgz#bf2494caae95c37cf01af3761d89747cfed2db45"
  dependencies:
    "@uirouter/core" "5.0.3"

angular@latest:
  version "1.6.9"
  resolved "https://registry.yarnpkg.com/angular/-/angular-1.6.9.tgz#bc812932e18909038412d594a5990f4bb66c0619"

animate.css@latest:
  version "3.6.1"
  resolved "https://registry.yarnpkg.com/animate.css/-/animate.css-3.6.1.tgz#4ea8a48556378bc8d7535224296c4c0dac9229de"

append-field@^0.1.0:
  version "0.1.0"
  resolved "https://registry.yarnpkg.com/append-field/-/append-field-0.1.0.tgz#6ddc58fa083c7bc545d3c5995b2830cc2366d44a"

busboy@^0.2.11:
  version "0.2.14"
  resolved "https://registry.yarnpkg.com/busboy/-/busboy-0.2.14.tgz#6c2a622efcf47c57bbbe1e2a9c37ad36c7925453"
  dependencies:
    dicer "0.2.5"
    readable-stream "1.1.x"

concat-stream@^1.5.0:
  version "1.6.1"
  resolved "https://registry.yarnpkg.com/concat-stream/-/concat-stream-1.6.1.tgz#261b8f518301f1d834e36342b9fea095d2620a26"
  dependencies:
    inherits "^2.0.3"
    readable-stream "^2.2.2"
    typedarray "^0.0.6"

core-util-is@~1.0.0:
  version "1.0.2"
  resolved "https://registry.yarnpkg.com/core-util-is/-/core-util-is-1.0.2.tgz#b5fd54220aa2bc5ab57aab7140c940754503c1a7"

dicer@0.2.5:
  version "0.2.5"
  resolved "https://registry.yarnpkg.com/dicer/-/dicer-0.2.5.tgz#5996c086bb33218c812c090bddc09cd12facb70f"
  dependencies:
    readable-stream "1.1.x"
    streamsearch "0.1.2"

ee-first@1.1.1:
  version "1.1.1"
  resolved "https://registry.yarnpkg.com/ee-first/-/ee-first-1.1.1.tgz#590c61156b0ae2f4f0255732a158b266bc56b21d"

fontawesome@latest:
  version "4.7.2"
  resolved "https://registry.yarnpkg.com/fontawesome/-/fontawesome-4.7.2.tgz#7f0c72ac7a6b029d3375bacb23522d9acfc50a52"

grunt-bump@0.0.14:
  version "0.0.14"
  resolved "https://registry.yarnpkg.com/grunt-bump/-/grunt-bump-0.0.14.tgz#230c32a70c84aea5f95d19ff79804c3ca8b8b8bd"
  dependencies:
    semver "~1.1"

hammerjs@^2.0.4, hammerjs@^2.0.8:
  version "2.0.8"
  resolved "https://registry.yarnpkg.com/hammerjs/-/hammerjs-2.0.8.tgz#04ef77862cff2bb79d30f7692095930222bf60f1"

inherits@^2.0.3, inherits@~2.0.1, inherits@~2.0.3:
  version "2.0.3"
  resolved "https://registry.yarnpkg.com/inherits/-/inherits-2.0.3.tgz#633c2c83e3da42a502f52466022480f4208261de"

isarray@0.0.1:
  version "0.0.1"
  resolved "https://registry.yarnpkg.com/isarray/-/isarray-0.0.1.tgz#8a18acfca9a8f4177e09abfc6038939b05d1eedf"

isarray@~1.0.0:
  version "1.0.0"
  resolved "https://registry.yarnpkg.com/isarray/-/isarray-1.0.0.tgz#bb935d48582cba168c06834957a54a3e07124f11"

jquery@>=1.7, "jquery@^3.0.0 || ^2.1.4":
  version "3.3.1"
  resolved "https://registry.yarnpkg.com/jquery/-/jquery-3.3.1.tgz#958ce29e81c9790f31be7792df5d4d95fc57fbca"

jquery@^2.1.4, jquery@^2.2.4:
  version "2.2.4"
  resolved "https://registry.yarnpkg.com/jquery/-/jquery-2.2.4.tgz#2c89d6889b5eac522a7eea32c14521559c6cbf02"

materialize-css@latest:
  version "0.100.2"
  resolved "https://registry.yarnpkg.com/materialize-css/-/materialize-css-0.100.2.tgz#9ca32b24904c9a04491fc7d0a2e9402e7b1dae07"
  dependencies:
    hammerjs "^2.0.8"
    jquery "^3.0.0 || ^2.1.4"

media-typer@0.3.0:
  version "0.3.0"
  resolved "https://registry.yarnpkg.com/media-typer/-/media-typer-0.3.0.tgz#8710d7af0aa626f8fffa1ce00168545263255748"

mime-db@~1.33.0:
  version "1.33.0"
  resolved "https://registry.yarnpkg.com/mime-db/-/mime-db-1.33.0.tgz#a3492050a5cb9b63450541e39d9788d2272783db"

mime-types@~2.1.18:
  version "2.1.18"
  resolved "https://registry.yarnpkg.com/mime-types/-/mime-types-2.1.18.tgz#6f323f60a83d11146f831ff11fd66e2fe5503bb8"
  dependencies:
    mime-db "~1.33.0"

minimist@0.0.8:
  version "0.0.8"
  resolved "https://registry.yarnpkg.com/minimist/-/minimist-0.0.8.tgz#857fcabfc3397d2625b8228262e86aa7a011b05d"

mkdirp@^0.5.1:
  version "0.5.1"
  resolved "https://registry.yarnpkg.com/mkdirp/-/mkdirp-0.5.1.tgz#30057438eac6cf7f8c4767f38648d6697d75c903"
  dependencies:
    minimist "0.0.8"

multer@^1.3.0:
  version "1.3.0"
  resolved "https://registry.yarnpkg.com/multer/-/multer-1.3.0.tgz#092b2670f6846fa4914965efc8cf94c20fec6cd2"
  dependencies:
    append-field "^0.1.0"
    busboy "^0.2.11"
    concat-stream "^1.5.0"
    mkdirp "^0.5.1"
    object-assign "^3.0.0"
    on-finished "^2.3.0"
    type-is "^1.6.4"
    xtend "^4.0.0"

"node-materialize@https://github.com/ryepdx/node-materialize/tarball/master":
  version "1.1.1"
  resolved "https://github.com/ryepdx/node-materialize/tarball/master#181c718e28c10ddf65ca21dcda93bea01e4daba7"
  dependencies:
    hammerjs "^2.0.4"
    jquery "^2.1.4"
    pickadate "^3.5.6"

object-assign@^3.0.0:
  version "3.0.0"
  resolved "https://registry.yarnpkg.com/object-assign/-/object-assign-3.0.0.tgz#9bedd5ca0897949bca47e7ff408062d549f587f2"

on-finished@^2.3.0:
  version "2.3.0"
  resolved "https://registry.yarnpkg.com/on-finished/-/on-finished-2.3.0.tgz#20f1336481b083cd75337992a16971aa2d906947"
  dependencies:
    ee-first "1.1.1"

pickadate@^3.5.6:
  version "3.5.6"
  resolved "https://registry.yarnpkg.com/pickadate/-/pickadate-3.5.6.tgz#c998302343b79a19954fc49c45cc708347602806"
  dependencies:
    jquery ">=1.7"

process-nextick-args@~2.0.0:
  version "2.0.0"
  resolved "https://registry.yarnpkg.com/process-nextick-args/-/process-nextick-args-2.0.0.tgz#a37d732f4271b4ab1ad070d35508e8290788ffaa"

readable-stream@1.1.x:
  version "1.1.14"
  resolved "https://registry.yarnpkg.com/readable-stream/-/readable-stream-1.1.14.tgz#7cf4c54ef648e3813084c636dd2079e166c081d9"
  dependencies:
    core-util-is "~1.0.0"
    inherits "~2.0.1"
    isarray "0.0.1"
    string_decoder "~0.10.x"

readable-stream@^2.2.2:
  version "2.3.4"
  resolved "https://registry.yarnpkg.com/readable-stream/-/readable-stream-2.3.4.tgz#c946c3f47fa7d8eabc0b6150f4a12f69a4574071"
  dependencies:
    core-util-is "~1.0.0"
    inherits "~2.0.3"
    isarray "~1.0.0"
    process-nextick-args "~2.0.0"
    safe-buffer "~5.1.1"
    string_decoder "~1.0.3"
    util-deprecate "~1.0.1"

safe-buffer@~5.1.0, safe-buffer@~5.1.1:
  version "5.1.1"
  resolved "https://registry.yarnpkg.com/safe-buffer/-/safe-buffer-5.1.1.tgz#893312af69b2123def71f57889001671eeb2c853"

semver@~1.1:
  version "1.1.4"
  resolved "https://registry.yarnpkg.com/semver/-/semver-1.1.4.tgz#2e5a4e72bab03472cc97f72753b4508912ef5540"

streamsearch@0.1.2:
  version "0.1.2"
  resolved "https://registry.yarnpkg.com/streamsearch/-/streamsearch-0.1.2.tgz#808b9d0e56fc273d809ba57338e929919a1a9f1a"

string_decoder@~0.10.x:
  version "0.10.31"
  resolved "https://registry.yarnpkg.com/string_decoder/-/string_decoder-0.10.31.tgz#62e203bc41766c6c28c9fc84301dab1c5310fa94"

string_decoder@~1.0.3:
  version "1.0.3"
  resolved "https://registry.yarnpkg.com/string_decoder/-/string_decoder-1.0.3.tgz#0fc67d7c141825de94282dd536bec6b9bce860ab"
  dependencies:
    safe-buffer "~5.1.0"

type-is@^1.6.4:
  version "1.6.16"
  resolved "https://registry.yarnpkg.com/type-is/-/type-is-1.6.16.tgz#f89ce341541c672b25ee7ae3c73dee3b2be50194"
  dependencies:
    media-typer "0.3.0"
    mime-types "~2.1.18"

typedarray@^0.0.6:
  version "0.0.6"
  resolved "https://registry.yarnpkg.com/typedarray/-/typedarray-0.0.6.tgz#867ac74e3864187b1d3d47d996a78ec5c8830777"

util-deprecate@~1.0.1:
  version "1.0.2"
  resolved "https://registry.yarnpkg.com/util-deprecate/-/util-deprecate-1.0.2.tgz#450d4dc9fa70de732762fbd2d4a28981419a0ccf"

xtend@^4.0.0:
  version "4.0.1"
  resolved "https://registry.yarnpkg.com/xtend/-/xtend-4.0.1.tgz#a5c6d532be656e23db820efb943a1f04998d63af"
